// !$*UTF8*$!
{
	archiveVersion = 1;
	classes = {
	};
	objectVersion = 50;
	objects = {

/* Begin PBXBuildFile section */
		48E6D200260199E600E98438 /* Tests_iOS.swift in Sources */ = {isa = PBXBuildFile; fileRef = 48E6D1FF260199E600E98438 /* Tests_iOS.swift */; };
		48E6D20B260199E600E98438 /* Tests_macOS.swift in Sources */ = {isa = PBXBuildFile; fileRef = 48E6D20A260199E600E98438 /* Tests_macOS.swift */; };
		48E6D20D260199E600E98438 /* MissionRecipe.xcdatamodeld in Sources */ = {isa = PBXBuildFile; fileRef = 48E6D1E1260199E200E98438 /* MissionRecipe.xcdatamodeld */; };
		48E6D20E260199E600E98438 /* MissionRecipe.xcdatamodeld in Sources */ = {isa = PBXBuildFile; fileRef = 48E6D1E1260199E200E98438 /* MissionRecipe.xcdatamodeld */; };
		48E6D20F260199E600E98438 /* MissionRecipeApp.swift in Sources */ = {isa = PBXBuildFile; fileRef = 48E6D1E3260199E200E98438 /* MissionRecipeApp.swift */; };
		48E6D210260199E600E98438 /* MissionRecipeApp.swift in Sources */ = {isa = PBXBuildFile; fileRef = 48E6D1E3260199E200E98438 /* MissionRecipeApp.swift */; };
		48E6D211260199E600E98438 /* ContentView.swift in Sources */ = {isa = PBXBuildFile; fileRef = 48E6D1E4260199E200E98438 /* ContentView.swift */; };
		48E6D212260199E600E98438 /* ContentView.swift in Sources */ = {isa = PBXBuildFile; fileRef = 48E6D1E4260199E200E98438 /* ContentView.swift */; };
		48E6D213260199E600E98438 /* Persistence.swift in Sources */ = {isa = PBXBuildFile; fileRef = 48E6D1E5260199E200E98438 /* Persistence.swift */; };
		48E6D214260199E600E98438 /* Persistence.swift in Sources */ = {isa = PBXBuildFile; fileRef = 48E6D1E5260199E200E98438 /* Persistence.swift */; };
		48E6D215260199E600E98438 /* Assets.xcassets in Resources */ = {isa = PBXBuildFile; fileRef = 48E6D1E6260199E600E98438 /* Assets.xcassets */; };
		48E6D216260199E600E98438 /* Assets.xcassets in Resources */ = {isa = PBXBuildFile; fileRef = 48E6D1E6260199E600E98438 /* Assets.xcassets */; };
/* End PBXBuildFile section */

/* Begin PBXContainerItemProxy section */
		48E6D1FC260199E600E98438 /* PBXContainerItemProxy */ = {
			isa = PBXContainerItemProxy;
			containerPortal = 48E6D1DC260199E200E98438 /* Project object */;
			proxyType = 1;
			remoteGlobalIDString = 48E6D1EA260199E600E98438;
			remoteInfo = "MissionRecipe (iOS)";
		};
		48E6D207260199E600E98438 /* PBXContainerItemProxy */ = {
			isa = PBXContainerItemProxy;
			containerPortal = 48E6D1DC260199E200E98438 /* Project object */;
			proxyType = 1;
			remoteGlobalIDString = 48E6D1F2260199E600E98438;
			remoteInfo = "MissionRecipe (macOS)";
		};
/* End PBXContainerItemProxy section */

/* Begin PBXFileReference section */
		48E6D1E2260199E200E98438 /* Shared.xcdatamodel */ = {isa = PBXFileReference; lastKnownFileType = wrapper.xcdatamodel; path = Shared.xcdatamodel; sourceTree = "<group>"; };
		48E6D1E3260199E200E98438 /* MissionRecipeApp.swift */ = {isa = PBXFileReference; lastKnownFileType = sourcecode.swift; path = MissionRecipeApp.swift; sourceTree = "<group>"; };
		48E6D1E4260199E200E98438 /* ContentView.swift */ = {isa = PBXFileReference; lastKnownFileType = sourcecode.swift; path = ContentView.swift; sourceTree = "<group>"; };
		48E6D1E5260199E200E98438 /* Persistence.swift */ = {isa = PBXFileReference; lastKnownFileType = sourcecode.swift; path = Persistence.swift; sourceTree = "<group>"; };
		48E6D1E6260199E600E98438 /* Assets.xcassets */ = {isa = PBXFileReference; lastKnownFileType = folder.assetcatalog; path = Assets.xcassets; sourceTree = "<group>"; };
		48E6D1EB260199E600E98438 /* MissionRecipe.app */ = {isa = PBXFileReference; explicitFileType = wrapper.application; includeInIndex = 0; path = MissionRecipe.app; sourceTree = BUILT_PRODUCTS_DIR; };
		48E6D1EE260199E600E98438 /* Info.plist */ = {isa = PBXFileReference; lastKnownFileType = text.plist.xml; path = Info.plist; sourceTree = "<group>"; };
		48E6D1F3260199E600E98438 /* MissionRecipe.app */ = {isa = PBXFileReference; explicitFileType = wrapper.application; includeInIndex = 0; path = MissionRecipe.app; sourceTree = BUILT_PRODUCTS_DIR; };
		48E6D1F5260199E600E98438 /* Info.plist */ = {isa = PBXFileReference; lastKnownFileType = text.plist.xml; path = Info.plist; sourceTree = "<group>"; };
		48E6D1F6260199E600E98438 /* macOS.entitlements */ = {isa = PBXFileReference; lastKnownFileType = text.plist.entitlements; path = macOS.entitlements; sourceTree = "<group>"; };
		48E6D1FB260199E600E98438 /* Tests iOS.xctest */ = {isa = PBXFileReference; explicitFileType = wrapper.cfbundle; includeInIndex = 0; path = "Tests iOS.xctest"; sourceTree = BUILT_PRODUCTS_DIR; };
		48E6D1FF260199E600E98438 /* Tests_iOS.swift */ = {isa = PBXFileReference; lastKnownFileType = sourcecode.swift; path = Tests_iOS.swift; sourceTree = "<group>"; };
		48E6D201260199E600E98438 /* Info.plist */ = {isa = PBXFileReference; lastKnownFileType = text.plist.xml; path = Info.plist; sourceTree = "<group>"; };
		48E6D206260199E600E98438 /* Tests macOS.xctest */ = {isa = PBXFileReference; explicitFileType = wrapper.cfbundle; includeInIndex = 0; path = "Tests macOS.xctest"; sourceTree = BUILT_PRODUCTS_DIR; };
		48E6D20A260199E600E98438 /* Tests_macOS.swift */ = {isa = PBXFileReference; lastKnownFileType = sourcecode.swift; path = Tests_macOS.swift; sourceTree = "<group>"; };
		48E6D20C260199E600E98438 /* Info.plist */ = {isa = PBXFileReference; lastKnownFileType = text.plist.xml; path = Info.plist; sourceTree = "<group>"; };
/* End PBXFileReference section */

/* Begin PBXFrameworksBuildPhase section */
		48E6D1E8260199E600E98438 /* Frameworks */ = {
			isa = PBXFrameworksBuildPhase;
			buildActionMask = 2147483647;
			files = (
			);
			runOnlyForDeploymentPostprocessing = 0;
		};
		48E6D1F0260199E600E98438 /* Frameworks */ = {
			isa = PBXFrameworksBuildPhase;
			buildActionMask = 2147483647;
			files = (
			);
			runOnlyForDeploymentPostprocessing = 0;
		};
		48E6D1F8260199E600E98438 /* Frameworks */ = {
			isa = PBXFrameworksBuildPhase;
			buildActionMask = 2147483647;
			files = (
			);
			runOnlyForDeploymentPostprocessing = 0;
		};
		48E6D203260199E600E98438 /* Frameworks */ = {
			isa = PBXFrameworksBuildPhase;
			buildActionMask = 2147483647;
			files = (
			);
			runOnlyForDeploymentPostprocessing = 0;
		};
/* End PBXFrameworksBuildPhase section */

/* Begin PBXGroup section */
		48E6D1DB260199E200E98438 = {
			isa = PBXGroup;
			children = (
				48E6D1E0260199E200E98438 /* Shared */,
				48E6D1ED260199E600E98438 /* iOS */,
				48E6D1F4260199E600E98438 /* macOS */,
				48E6D1FE260199E600E98438 /* Tests iOS */,
				48E6D209260199E600E98438 /* Tests macOS */,
				48E6D1EC260199E600E98438 /* Products */,
			);
			sourceTree = "<group>";
		};
		48E6D1E0260199E200E98438 /* Shared */ = {
			isa = PBXGroup;
			children = (
				48E6D1E3260199E200E98438 /* MissionRecipeApp.swift */,
				48E6D1E4260199E200E98438 /* ContentView.swift */,
				48E6D1E5260199E200E98438 /* Persistence.swift */,
				48E6D1E6260199E600E98438 /* Assets.xcassets */,
				48E6D1E1260199E200E98438 /* MissionRecipe.xcdatamodeld */,
			);
			path = Shared;
			sourceTree = "<group>";
		};
		48E6D1EC260199E600E98438 /* Products */ = {
			isa = PBXGroup;
			children = (
				48E6D1EB260199E600E98438 /* MissionRecipe.app */,
				48E6D1F3260199E600E98438 /* MissionRecipe.app */,
				48E6D1FB260199E600E98438 /* Tests iOS.xctest */,
				48E6D206260199E600E98438 /* Tests macOS.xctest */,
			);
			name = Products;
			sourceTree = "<group>";
		};
		48E6D1ED260199E600E98438 /* iOS */ = {
			isa = PBXGroup;
			children = (
				48E6D1EE260199E600E98438 /* Info.plist */,
			);
			path = iOS;
			sourceTree = "<group>";
		};
		48E6D1F4260199E600E98438 /* macOS */ = {
			isa = PBXGroup;
			children = (
				48E6D1F5260199E600E98438 /* Info.plist */,
				48E6D1F6260199E600E98438 /* macOS.entitlements */,
			);
			path = macOS;
			sourceTree = "<group>";
		};
		48E6D1FE260199E600E98438 /* Tests iOS */ = {
			isa = PBXGroup;
			children = (
				48E6D1FF260199E600E98438 /* Tests_iOS.swift */,
				48E6D201260199E600E98438 /* Info.plist */,
			);
			path = "Tests iOS";
			sourceTree = "<group>";
		};
		48E6D209260199E600E98438 /* Tests macOS */ = {
			isa = PBXGroup;
			children = (
				48E6D20A260199E600E98438 /* Tests_macOS.swift */,
				48E6D20C260199E600E98438 /* Info.plist */,
			);
			path = "Tests macOS";
			sourceTree = "<group>";
		};
/* End PBXGroup section */

/* Begin PBXNativeTarget section */
		48E6D1EA260199E600E98438 /* MissionRecipe (iOS) */ = {
			isa = PBXNativeTarget;
			buildConfigurationList = 48E6D219260199E600E98438 /* Build configuration list for PBXNativeTarget "MissionRecipe (iOS)" */;
			buildPhases = (
				48E6D1E7260199E600E98438 /* Sources */,
				48E6D1E8260199E600E98438 /* Frameworks */,
				48E6D1E9260199E600E98438 /* Resources */,
			);
			buildRules = (
			);
			dependencies = (
			);
			name = "MissionRecipe (iOS)";
			productName = "MissionRecipe (iOS)";
			productReference = 48E6D1EB260199E600E98438 /* MissionRecipe.app */;
			productType = "com.apple.product-type.application";
		};
		48E6D1F2260199E600E98438 /* MissionRecipe (macOS) */ = {
			isa = PBXNativeTarget;
			buildConfigurationList = 48E6D21C260199E600E98438 /* Build configuration list for PBXNativeTarget "MissionRecipe (macOS)" */;
			buildPhases = (
				48E6D1EF260199E600E98438 /* Sources */,
				48E6D1F0260199E600E98438 /* Frameworks */,
				48E6D1F1260199E600E98438 /* Resources */,
			);
			buildRules = (
			);
			dependencies = (
			);
			name = "MissionRecipe (macOS)";
			productName = "MissionRecipe (macOS)";
			productReference = 48E6D1F3260199E600E98438 /* MissionRecipe.app */;
			productType = "com.apple.product-type.application";
		};
		48E6D1FA260199E600E98438 /* Tests iOS */ = {
			isa = PBXNativeTarget;
			buildConfigurationList = 48E6D21F260199E600E98438 /* Build configuration list for PBXNativeTarget "Tests iOS" */;
			buildPhases = (
				48E6D1F7260199E600E98438 /* Sources */,
				48E6D1F8260199E600E98438 /* Frameworks */,
				48E6D1F9260199E600E98438 /* Resources */,
			);
			buildRules = (
			);
			dependencies = (
				48E6D1FD260199E600E98438 /* PBXTargetDependency */,
			);
			name = "Tests iOS";
			productName = "Tests iOS";
			productReference = 48E6D1FB260199E600E98438 /* Tests iOS.xctest */;
			productType = "com.apple.product-type.bundle.ui-testing";
		};
		48E6D205260199E600E98438 /* Tests macOS */ = {
			isa = PBXNativeTarget;
			buildConfigurationList = 48E6D222260199E600E98438 /* Build configuration list for PBXNativeTarget "Tests macOS" */;
			buildPhases = (
				48E6D202260199E600E98438 /* Sources */,
				48E6D203260199E600E98438 /* Frameworks */,
				48E6D204260199E600E98438 /* Resources */,
			);
			buildRules = (
			);
			dependencies = (
				48E6D208260199E600E98438 /* PBXTargetDependency */,
			);
			name = "Tests macOS";
			productName = "Tests macOS";
			productReference = 48E6D206260199E600E98438 /* Tests macOS.xctest */;
			productType = "com.apple.product-type.bundle.ui-testing";
		};
/* End PBXNativeTarget section */

/* Begin PBXProject section */
		48E6D1DC260199E200E98438 /* Project object */ = {
			isa = PBXProject;
			attributes = {
				LastSwiftUpdateCheck = 1240;
				LastUpgradeCheck = 1240;
				TargetAttributes = {
					48E6D1EA260199E600E98438 = {
						CreatedOnToolsVersion = 12.4;
					};
					48E6D1F2260199E600E98438 = {
						CreatedOnToolsVersion = 12.4;
					};
					48E6D1FA260199E600E98438 = {
						CreatedOnToolsVersion = 12.4;
						TestTargetID = 48E6D1EA260199E600E98438;
					};
					48E6D205260199E600E98438 = {
						CreatedOnToolsVersion = 12.4;
						TestTargetID = 48E6D1F2260199E600E98438;
					};
				};
			};
			buildConfigurationList = 48E6D1DF260199E200E98438 /* Build configuration list for PBXProject "MissionRecipe" */;
			compatibilityVersion = "Xcode 9.3";
			developmentRegion = en;
			hasScannedForEncodings = 0;
			knownRegions = (
				en,
				Base,
			);
			mainGroup = 48E6D1DB260199E200E98438;
			productRefGroup = 48E6D1EC260199E600E98438 /* Products */;
			projectDirPath = "";
			projectRoot = "";
			targets = (
				48E6D1EA260199E600E98438 /* MissionRecipe (iOS) */,
				48E6D1F2260199E600E98438 /* MissionRecipe (macOS) */,
				48E6D1FA260199E600E98438 /* Tests iOS */,
				48E6D205260199E600E98438 /* Tests macOS */,
			);
		};
/* End PBXProject section */

/* Begin PBXResourcesBuildPhase section */
		48E6D1E9260199E600E98438 /* Resources */ = {
			isa = PBXResourcesBuildPhase;
			buildActionMask = 2147483647;
			files = (
				48E6D215260199E600E98438 /* Assets.xcassets in Resources */,
			);
			runOnlyForDeploymentPostprocessing = 0;
		};
		48E6D1F1260199E600E98438 /* Resources */ = {
			isa = PBXResourcesBuildPhase;
			buildActionMask = 2147483647;
			files = (
				48E6D216260199E600E98438 /* Assets.xcassets in Resources */,
			);
			runOnlyForDeploymentPostprocessing = 0;
		};
		48E6D1F9260199E600E98438 /* Resources */ = {
			isa = PBXResourcesBuildPhase;
			buildActionMask = 2147483647;
			files = (
			);
			runOnlyForDeploymentPostprocessing = 0;
		};
		48E6D204260199E600E98438 /* Resources */ = {
			isa = PBXResourcesBuildPhase;
			buildActionMask = 2147483647;
			files = (
			);
			runOnlyForDeploymentPostprocessing = 0;
		};
/* End PBXResourcesBuildPhase section */

/* Begin PBXSourcesBuildPhase section */
		48E6D1E7260199E600E98438 /* Sources */ = {
			isa = PBXSourcesBuildPhase;
			buildActionMask = 2147483647;
			files = (
				48E6D20F260199E600E98438 /* MissionRecipeApp.swift in Sources */,
				48E6D213260199E600E98438 /* Persistence.swift in Sources */,
				48E6D20D260199E600E98438 /* MissionRecipe.xcdatamodeld in Sources */,
				48E6D211260199E600E98438 /* ContentView.swift in Sources */,
			);
			runOnlyForDeploymentPostprocessing = 0;
		};
		48E6D1EF260199E600E98438 /* Sources */ = {
			isa = PBXSourcesBuildPhase;
			buildActionMask = 2147483647;
			files = (
				48E6D210260199E600E98438 /* MissionRecipeApp.swift in Sources */,
				48E6D214260199E600E98438 /* Persistence.swift in Sources */,
				48E6D20E260199E600E98438 /* MissionRecipe.xcdatamodeld in Sources */,
				48E6D212260199E600E98438 /* ContentView.swift in Sources */,
			);
			runOnlyForDeploymentPostprocessing = 0;
		};
		48E6D1F7260199E600E98438 /* Sources */ = {
			isa = PBXSourcesBuildPhase;
			buildActionMask = 2147483647;
			files = (
				48E6D200260199E600E98438 /* Tests_iOS.swift in Sources */,
			);
			runOnlyForDeploymentPostprocessing = 0;
		};
		48E6D202260199E600E98438 /* Sources */ = {
			isa = PBXSourcesBuildPhase;
			buildActionMask = 2147483647;
			files = (
				48E6D20B260199E600E98438 /* Tests_macOS.swift in Sources */,
			);
			runOnlyForDeploymentPostprocessing = 0;
		};
/* End PBXSourcesBuildPhase section */

/* Begin PBXTargetDependency section */
		48E6D1FD260199E600E98438 /* PBXTargetDependency */ = {
			isa = PBXTargetDependency;
			target = 48E6D1EA260199E600E98438 /* MissionRecipe (iOS) */;
			targetProxy = 48E6D1FC260199E600E98438 /* PBXContainerItemProxy */;
		};
		48E6D208260199E600E98438 /* PBXTargetDependency */ = {
			isa = PBXTargetDependency;
			target = 48E6D1F2260199E600E98438 /* MissionRecipe (macOS) */;
			targetProxy = 48E6D207260199E600E98438 /* PBXContainerItemProxy */;
		};
/* End PBXTargetDependency section */

/* Begin XCBuildConfiguration section */
		48E6D217260199E600E98438 /* Debug */ = {
			isa = XCBuildConfiguration;
			buildSettings = {
				ALWAYS_SEARCH_USER_PATHS = NO;
				CLANG_ANALYZER_NONNULL = YES;
				CLANG_ANALYZER_NUMBER_OBJECT_CONVERSION = YES_AGGRESSIVE;
				CLANG_CXX_LANGUAGE_STANDARD = "gnu++14";
				CLANG_CXX_LIBRARY = "libc++";
				CLANG_ENABLE_MODULES = YES;
				CLANG_ENABLE_OBJC_ARC = YES;
				CLANG_ENABLE_OBJC_WEAK = YES;
				CLANG_WARN_BLOCK_CAPTURE_AUTORELEASING = YES;
				CLANG_WARN_BOOL_CONVERSION = YES;
				CLANG_WARN_COMMA = YES;
				CLANG_WARN_CONSTANT_CONVERSION = YES;
				CLANG_WARN_DEPRECATED_OBJC_IMPLEMENTATIONS = YES;
				CLANG_WARN_DIRECT_OBJC_ISA_USAGE = YES_ERROR;
				CLANG_WARN_DOCUMENTATION_COMMENTS = YES;
				CLANG_WARN_EMPTY_BODY = YES;
				CLANG_WARN_ENUM_CONVERSION = YES;
				CLANG_WARN_INFINITE_RECURSION = YES;
				CLANG_WARN_INT_CONVERSION = YES;
				CLANG_WARN_NON_LITERAL_NULL_CONVERSION = YES;
				CLANG_WARN_OBJC_IMPLICIT_RETAIN_SELF = YES;
				CLANG_WARN_OBJC_LITERAL_CONVERSION = YES;
				CLANG_WARN_OBJC_ROOT_CLASS = YES_ERROR;
				CLANG_WARN_QUOTED_INCLUDE_IN_FRAMEWORK_HEADER = YES;
				CLANG_WARN_RANGE_LOOP_ANALYSIS = YES;
				CLANG_WARN_STRICT_PROTOTYPES = YES;
				CLANG_WARN_SUSPICIOUS_MOVE = YES;
				CLANG_WARN_UNGUARDED_AVAILABILITY = YES_AGGRESSIVE;
				CLANG_WARN_UNREACHABLE_CODE = YES;
				CLANG_WARN__DUPLICATE_METHOD_MATCH = YES;
				COPY_PHASE_STRIP = NO;
				DEBUG_INFORMATION_FORMAT = dwarf;
				ENABLE_STRICT_OBJC_MSGSEND = YES;
				ENABLE_TESTABILITY = YES;
				GCC_C_LANGUAGE_STANDARD = gnu11;
				GCC_DYNAMIC_NO_PIC = NO;
				GCC_NO_COMMON_BLOCKS = YES;
				GCC_OPTIMIZATION_LEVEL = 0;
				GCC_PREPROCESSOR_DEFINITIONS = (
					"DEBUG=1",
					"$(inherited)",
				);
				GCC_WARN_64_TO_32_BIT_CONVERSION = YES;
				GCC_WARN_ABOUT_RETURN_TYPE = YES_ERROR;
				GCC_WARN_UNDECLARED_SELECTOR = YES;
				GCC_WARN_UNINITIALIZED_AUTOS = YES_AGGRESSIVE;
				GCC_WARN_UNUSED_FUNCTION = YES;
				GCC_WARN_UNUSED_VARIABLE = YES;
				MTL_ENABLE_DEBUG_INFO = INCLUDE_SOURCE;
				MTL_FAST_MATH = YES;
				ONLY_ACTIVE_ARCH = YES;
				SWIFT_ACTIVE_COMPILATION_CONDITIONS = DEBUG;
				SWIFT_OPTIMIZATION_LEVEL = "-Onone";
			};
			name = Debug;
		};
		48E6D218260199E600E98438 /* Release */ = {
			isa = XCBuildConfiguration;
			buildSettings = {
				ALWAYS_SEARCH_USER_PATHS = NO;
				CLANG_ANALYZER_NONNULL = YES;
				CLANG_ANALYZER_NUMBER_OBJECT_CONVERSION = YES_AGGRESSIVE;
				CLANG_CXX_LANGUAGE_STANDARD = "gnu++14";
				CLANG_CXX_LIBRARY = "libc++";
				CLANG_ENABLE_MODULES = YES;
				CLANG_ENABLE_OBJC_ARC = YES;
				CLANG_ENABLE_OBJC_WEAK = YES;
				CLANG_WARN_BLOCK_CAPTURE_AUTORELEASING = YES;
				CLANG_WARN_BOOL_CONVERSION = YES;
				CLANG_WARN_COMMA = YES;
				CLANG_WARN_CONSTANT_CONVERSION = YES;
				CLANG_WARN_DEPRECATED_OBJC_IMPLEMENTATIONS = YES;
				CLANG_WARN_DIRECT_OBJC_ISA_USAGE = YES_ERROR;
				CLANG_WARN_DOCUMENTATION_COMMENTS = YES;
				CLANG_WARN_EMPTY_BODY = YES;
				CLANG_WARN_ENUM_CONVERSION = YES;
				CLANG_WARN_INFINITE_RECURSION = YES;
				CLANG_WARN_INT_CONVERSION = YES;
				CLANG_WARN_NON_LITERAL_NULL_CONVERSION = YES;
				CLANG_WARN_OBJC_IMPLICIT_RETAIN_SELF = YES;
				CLANG_WARN_OBJC_LITERAL_CONVERSION = YES;
				CLANG_WARN_OBJC_ROOT_CLASS = YES_ERROR;
				CLANG_WARN_QUOTED_INCLUDE_IN_FRAMEWORK_HEADER = YES;
				CLANG_WARN_RANGE_LOOP_ANALYSIS = YES;
				CLANG_WARN_STRICT_PROTOTYPES = YES;
				CLANG_WARN_SUSPICIOUS_MOVE = YES;
				CLANG_WARN_UNGUARDED_AVAILABILITY = YES_AGGRESSIVE;
				CLANG_WARN_UNREACHABLE_CODE = YES;
				CLANG_WARN__DUPLICATE_METHOD_MATCH = YES;
				COPY_PHASE_STRIP = NO;
				DEBUG_INFORMATION_FORMAT = "dwarf-with-dsym";
				ENABLE_NS_ASSERTIONS = NO;
				ENABLE_STRICT_OBJC_MSGSEND = YES;
				GCC_C_LANGUAGE_STANDARD = gnu11;
				GCC_NO_COMMON_BLOCKS = YES;
				GCC_WARN_64_TO_32_BIT_CONVERSION = YES;
				GCC_WARN_ABOUT_RETURN_TYPE = YES_ERROR;
				GCC_WARN_UNDECLARED_SELECTOR = YES;
				GCC_WARN_UNINITIALIZED_AUTOS = YES_AGGRESSIVE;
				GCC_WARN_UNUSED_FUNCTION = YES;
				GCC_WARN_UNUSED_VARIABLE = YES;
				MTL_ENABLE_DEBUG_INFO = NO;
				MTL_FAST_MATH = YES;
				SWIFT_COMPILATION_MODE = wholemodule;
				SWIFT_OPTIMIZATION_LEVEL = "-O";
			};
			name = Release;
		};
		48E6D21A260199E600E98438 /* Debug */ = {
			isa = XCBuildConfiguration;
			buildSettings = {
				ASSETCATALOG_COMPILER_APPICON_NAME = AppIcon;
				ASSETCATALOG_COMPILER_GLOBAL_ACCENT_COLOR_NAME = AccentColor;
				CODE_SIGN_STYLE = Automatic;
				ENABLE_PREVIEWS = YES;
				INFOPLIST_FILE = iOS/Info.plist;
				IPHONEOS_DEPLOYMENT_TARGET = 14.0;
				LD_RUNPATH_SEARCH_PATHS = (
					"$(inherited)",
					"@executable_path/Frameworks",
				);
				PRODUCT_BUNDLE_IDENTIFIER = MegaJ.MissionRecipe;
				PRODUCT_NAME = MissionRecipe;
				SDKROOT = iphoneos;
				SWIFT_VERSION = 5.0;
				TARGETED_DEVICE_FAMILY = "1,2";
			};
			name = Debug;
		};
		48E6D21B260199E600E98438 /* Release */ = {
			isa = XCBuildConfiguration;
			buildSettings = {
				ASSETCATALOG_COMPILER_APPICON_NAME = AppIcon;
				ASSETCATALOG_COMPILER_GLOBAL_ACCENT_COLOR_NAME = AccentColor;
				CODE_SIGN_STYLE = Automatic;
				ENABLE_PREVIEWS = YES;
				INFOPLIST_FILE = iOS/Info.plist;
				IPHONEOS_DEPLOYMENT_TARGET = 14.0;
				LD_RUNPATH_SEARCH_PATHS = (
					"$(inherited)",
					"@executable_path/Frameworks",
				);
				PRODUCT_BUNDLE_IDENTIFIER = MegaJ.MissionRecipe;
				PRODUCT_NAME = MissionRecipe;
				SDKROOT = iphoneos;
				SWIFT_VERSION = 5.0;
				TARGETED_DEVICE_FAMILY = "1,2";
				VALIDATE_PRODUCT = YES;
			};
			name = Release;
		};
		48E6D21D260199E600E98438 /* Debug */ = {
			isa = XCBuildConfiguration;
			buildSettings = {
				ASSETCATALOG_COMPILER_APPICON_NAME = AppIcon;
				ASSETCATALOG_COMPILER_GLOBAL_ACCENT_COLOR_NAME = AccentColor;
				CODE_SIGN_ENTITLEMENTS = macOS/macOS.entitlements;
				CODE_SIGN_STYLE = Automatic;
				COMBINE_HIDPI_IMAGES = YES;
				ENABLE_PREVIEWS = YES;
				INFOPLIST_FILE = macOS/Info.plist;
				LD_RUNPATH_SEARCH_PATHS = (
					"$(inherited)",
					"@executable_path/../Frameworks",
				);
				MACOSX_DEPLOYMENT_TARGET = 11.0;
				PRODUCT_BUNDLE_IDENTIFIER = MegaJ.MissionRecipe;
				PRODUCT_NAME = MissionRecipe;
				SDKROOT = macosx;
				SWIFT_VERSION = 5.0;
			};
			name = Debug;
		};
		48E6D21E260199E600E98438 /* Release */ = {
			isa = XCBuildConfiguration;
			buildSettings = {
				ASSETCATALOG_COMPILER_APPICON_NAME = AppIcon;
				ASSETCATALOG_COMPILER_GLOBAL_ACCENT_COLOR_NAME = AccentColor;
				CODE_SIGN_ENTITLEMENTS = macOS/macOS.entitlements;
				CODE_SIGN_STYLE = Automatic;
				COMBINE_HIDPI_IMAGES = YES;
				ENABLE_PREVIEWS = YES;
				INFOPLIST_FILE = macOS/Info.plist;
				LD_RUNPATH_SEARCH_PATHS = (
					"$(inherited)",
					"@executable_path/../Frameworks",
				);
				MACOSX_DEPLOYMENT_TARGET = 11.0;
				PRODUCT_BUNDLE_IDENTIFIER = MegaJ.MissionRecipe;
				PRODUCT_NAME = MissionRecipe;
				SDKROOT = macosx;
				SWIFT_VERSION = 5.0;
			};
			name = Release;
		};
		48E6D220260199E600E98438 /* Debug */ = {
			isa = XCBuildConfiguration;
			buildSettings = {
				ALWAYS_EMBED_SWIFT_STANDARD_LIBRARIES = YES;
				CODE_SIGN_STYLE = Automatic;
				INFOPLIST_FILE = "Tests iOS/Info.plist";
				IPHONEOS_DEPLOYMENT_TARGET = 14.4;
				LD_RUNPATH_SEARCH_PATHS = (
					"$(inherited)",
					"@executable_path/Frameworks",
					"@loader_path/Frameworks",
				);
				PRODUCT_BUNDLE_IDENTIFIER = "MegaJ.Tests-iOS";
				PRODUCT_NAME = "$(TARGET_NAME)";
				SDKROOT = iphoneos;
				SWIFT_VERSION = 5.0;
				TARGETED_DEVICE_FAMILY = "1,2";
				TEST_TARGET_NAME = "MissionRecipe (iOS)";
			};
			name = Debug;
		};
		48E6D221260199E600E98438 /* Release */ = {
			isa = XCBuildConfiguration;
			buildSettings = {
				ALWAYS_EMBED_SWIFT_STANDARD_LIBRARIES = YES;
				CODE_SIGN_STYLE = Automatic;
				INFOPLIST_FILE = "Tests iOS/Info.plist";
				IPHONEOS_DEPLOYMENT_TARGET = 14.4;
				LD_RUNPATH_SEARCH_PATHS = (
					"$(inherited)",
					"@executable_path/Frameworks",
					"@loader_path/Frameworks",
				);
				PRODUCT_BUNDLE_IDENTIFIER = "MegaJ.Tests-iOS";
				PRODUCT_NAME = "$(TARGET_NAME)";
				SDKROOT = iphoneos;
				SWIFT_VERSION = 5.0;
				TARGETED_DEVICE_FAMILY = "1,2";
				TEST_TARGET_NAME = "MissionRecipe (iOS)";
				VALIDATE_PRODUCT = YES;
			};
			name = Release;
		};
		48E6D223260199E600E98438 /* Debug */ = {
			isa = XCBuildConfiguration;
			buildSettings = {
				ALWAYS_EMBED_SWIFT_STANDARD_LIBRARIES = YES;
				CODE_SIGN_STYLE = Automatic;
				COMBINE_HIDPI_IMAGES = YES;
				INFOPLIST_FILE = "Tests macOS/Info.plist";
				LD_RUNPATH_SEARCH_PATHS = (
					"$(inherited)",
					"@executable_path/../Frameworks",
					"@loader_path/../Frameworks",
				);
				MACOSX_DEPLOYMENT_TARGET = 11.1;
				PRODUCT_BUNDLE_IDENTIFIER = "MegaJ.Tests-macOS";
				PRODUCT_NAME = "$(TARGET_NAME)";
				SDKROOT = macosx;
				SWIFT_VERSION = 5.0;
				TEST_TARGET_NAME = "MissionRecipe (macOS)";
			};
			name = Debug;
		};
		48E6D224260199E600E98438 /* Release */ = {
			isa = XCBuildConfiguration;
			buildSettings = {
				ALWAYS_EMBED_SWIFT_STANDARD_LIBRARIES = YES;
				CODE_SIGN_STYLE = Automatic;
				COMBINE_HIDPI_IMAGES = YES;
				INFOPLIST_FILE = "Tests macOS/Info.plist";
				LD_RUNPATH_SEARCH_PATHS = (
					"$(inherited)",
					"@executable_path/../Frameworks",
					"@loader_path/../Frameworks",
				);
				MACOSX_DEPLOYMENT_TARGET = 11.1;
				PRODUCT_BUNDLE_IDENTIFIER = "MegaJ.Tests-macOS";
				PRODUCT_NAME = "$(TARGET_NAME)";
				SDKROOT = macosx;
				SWIFT_VERSION = 5.0;
				TEST_TARGET_NAME = "MissionRecipe (macOS)";
			};
			name = Release;
		};
/* End XCBuildConfiguration section */

/* Begin XCConfigurationList section */
		48E6D1DF260199E200E98438 /* Build configuration list for PBXProject "MissionRecipe" */ = {
			isa = XCConfigurationList;
			buildConfigurations = (
				48E6D217260199E600E98438 /* Debug */,
				48E6D218260199E600E98438 /* Release */,
			);
			defaultConfigurationIsVisible = 0;
			defaultConfigurationName = Release;
		};
		48E6D219260199E600E98438 /* Build configuration list for PBXNativeTarget "MissionRecipe (iOS)" */ = {
			isa = XCConfigurationList;
			buildConfigurations = (
				48E6D21A260199E600E98438 /* Debug */,
				48E6D21B260199E600E98438 /* Release */,
			);
			defaultConfigurationIsVisible = 0;
			defaultConfigurationName = Release;
		};
		48E6D21C260199E600E98438 /* Build configuration list for PBXNativeTarget "MissionRecipe (macOS)" */ = {
			isa = XCConfigurationList;
			buildConfigurations = (
				48E6D21D260199E600E98438 /* Debug */,
				48E6D21E260199E600E98438 /* Release */,
			);
			defaultConfigurationIsVisible = 0;
			defaultConfigurationName = Release;
		};
		48E6D21F260199E600E98438 /* Build configuration list for PBXNativeTarget "Tests iOS" */ = {
			isa = XCConfigurationList;
			buildConfigurations = (
				48E6D220260199E600E98438 /* Debug */,
				48E6D221260199E600E98438 /* Release */,
			);
			defaultConfigurationIsVisible = 0;
			defaultConfigurationName = Release;
		};
		48E6D222260199E600E98438 /* Build configuration list for PBXNativeTarget "Tests macOS" */ = {
			isa = XCConfigurationList;
			buildConfigurations = (
				48E6D223260199E600E98438 /* Debug */,
				48E6D224260199E600E98438 /* Release */,
			);
			defaultConfigurationIsVisible = 0;
			defaultConfigurationName = Release;
		};
/* End XCConfigurationList section */

/* Begin XCVersionGroup section */
		48E6D1E1260199E200E98438 /* MissionRecipe.xcdatamodeld */ = {
			isa = XCVersionGroup;
			children = (
				48E6D1E2260199E200E98438 /* Shared.xcdatamodel */,
			);
			currentVersion = 48E6D1E2260199E200E98438 /* Shared.xcdatamodel */;
			path = MissionRecipe.xcdatamodeld;
			sourceTree = "<group>";
			versionGroupType = wrapper.xcdatamodel;
		};
/* End XCVersionGroup section */
	};
	rootObject = 48E6D1DC260199E200E98438 /* Project object */;
}
